
Microsoft Visual Studio Solution File, Format Version 12.00
# Visual Studio Version 17
VisualStudioVersion = 17.13.35825.156 d17.13
MinimumVisualStudioVersion = 10.0.40219.1
Project("{FAE04EC0-301F-11D3-BF4B-00C04F79EFBC}") = "GetechnologiesTest.Api", "GetechnologiesTest.Api\GetechnologiesTest.Api.csproj", "{948DF6A2-6445-4688-B77D-3BFB6B57A74C}"
EndProject
Project("{FAE04EC0-301F-11D3-BF4B-00C04F79EFBC}") = "GetechnologiesTest.Domain", "GetechnologiesTest.Domain\GetechnologiesTest.Domain.csproj", "{4CBFA537-B28F-4BD3-9FBB-CDC74450F562}"
EndProject
Project("{FAE04EC0-301F-11D3-BF4B-00C04F79EFBC}") = "GetechnologiesTest.Application", "GetechnologiesTest.Application\GetechnologiesTest.Application.csproj", "{876FCE58-D120-40CD-BD39-6C0F26ADB67D}"
EndProject
Project("{FAE04EC0-301F-11D3-BF4B-00C04F79EFBC}") = "GetechnologiesTest.Infrastructure", "GetechnologiesTest.Infrastructure\GetechnologiesTest.Infrastructure.csproj", "{5634A4C5-17E4-405E-B21A-D05308BD46A5}"
EndProject
Project("{FAE04EC0-301F-11D3-BF4B-00C04F79EFBC}") = "GetechnologiesTest.WpfClient", "GetechnologiesTest.WpfClient\GetechnologiesTest.WpfClient.csproj", "{32F5CC0B-92BB-4703-9FAB-BAA4C0FED6EE}"
EndProject
Global
	GlobalSection(SolutionConfigurationPlatforms) = preSolution
		Debug|Any CPU = Debug|Any CPU
		Release|Any CPU = Release|Any CPU
	EndGlobalSection
	GlobalSection(ProjectConfigurationPlatforms) = postSolution
		{948DF6A2-6445-4688-B77D-3BFB6B57A74C}.Debug|Any CPU.ActiveCfg = Debug|Any CPU
		{948DF6A2-6445-4688-B77D-3BFB6B57A74C}.Debug|Any CPU.Build.0 = Debug|Any CPU
		{948DF6A2-6445-4688-B77D-3BFB6B57A74C}.Release|Any CPU.ActiveCfg = Release|Any CPU
		{948DF6A2-6445-4688-B77D-3BFB6B57A74C}.Release|Any CPU.Build.0 = Release|Any CPU
		{4CBFA537-B28F-4BD3-9FBB-CDC74450F562}.Debug|Any CPU.ActiveCfg = Debug|Any CPU
		{4CBFA537-B28F-4BD3-9FBB-CDC74450F562}.Debug|Any CPU.Build.0 = Debug|Any CPU
		{4CBFA537-B28F-4BD3-9FBB-CDC74450F562}.Release|Any CPU.ActiveCfg = Release|Any CPU
		{4CBFA537-B28F-4BD3-9FBB-CDC74450F562}.Release|Any CPU.Build.0 = Release|Any CPU
		{876FCE58-D120-40CD-BD39-6C0F26ADB67D}.Debug|Any CPU.ActiveCfg = Debug|Any CPU
		{876FCE58-D120-40CD-BD39-6C0F26ADB67D}.Debug|Any CPU.Build.0 = Debug|Any CPU
		{876FCE58-D120-40CD-BD39-6C0F26ADB67D}.Release|Any CPU.ActiveCfg = Release|Any CPU
		{876FCE58-D120-40CD-BD39-6C0F26ADB67D}.Release|Any CPU.Build.0 = Release|Any CPU
		{5634A4C5-17E4-405E-B21A-D05308BD46A5}.Debug|Any CPU.ActiveCfg = Debug|Any CPU
		{5634A4C5-17E4-405E-B21A-D05308BD46A5}.Debug|Any CPU.Build.0 = Debug|Any CPU
		{5634A4C5-17E4-405E-B21A-D05308BD46A5}.Release|Any CPU.ActiveCfg = Release|Any CPU
		{5634A4C5-17E4-405E-B21A-D05308BD46A5}.Release|Any CPU.Build.0 = Release|Any CPU
		{32F5CC0B-92BB-4703-9FAB-BAA4C0FED6EE}.Debug|Any CPU.ActiveCfg = Debug|Any CPU
		{32F5CC0B-92BB-4703-9FAB-BAA4C0FED6EE}.Debug|Any CPU.Build.0 = Debug|Any CPU
		{32F5CC0B-92BB-4703-9FAB-BAA4C0FED6EE}.Release|Any CPU.ActiveCfg = Release|Any CPU
		{32F5CC0B-92BB-4703-9FAB-BAA4C0FED6EE}.Release|Any CPU.Build.0 = Release|Any CPU
	EndGlobalSection
	GlobalSection(SolutionProperties) = preSolution
		HideSolutionNode = FALSE
	EndGlobalSection
	GlobalSection(ExtensibilityGlobals) = postSolution
		SolutionGuid = {221BDEE9-EF7F-409B-8B84-E2560F7F4930}
	EndGlobalSection
EndGlobal
